// !$*UTF8*$!
{
	archiveVersion = 1;
	classes = {
	};
	objectVersion = 50;
	objects = {

/* Begin PBXBuildFile section */
		28B6B8017F19ED29B3EF148D /* Pods_flixFeed.framework in Frameworks */ = {isa = PBXBuildFile; fileRef = 54F051F74F5AC76774934B9C /* Pods_flixFeed.framework */; };
		911387FB214B996100F87CF6 /* DetailViewController.swift in Sources */ = {isa = PBXBuildFile; fileRef = 911387FA214B996100F87CF6 /* DetailViewController.swift */; };
		911387FD214CAC2F00F87CF6 /* PosterCell.swift in Sources */ = {isa = PBXBuildFile; fileRef = 911387FC214CAC2F00F87CF6 /* PosterCell.swift */; };
		911387FF214CACB800F87CF6 /* SuperheroViewController.swift in Sources */ = {isa = PBXBuildFile; fileRef = 911387FE214CACB800F87CF6 /* SuperheroViewController.swift */; };
		9139591421410E2100F364DF /* AppDelegate.swift in Sources */ = {isa = PBXBuildFile; fileRef = 9139591321410E2100F364DF /* AppDelegate.swift */; };
		9139591921410E2100F364DF /* Main.storyboard in Resources */ = {isa = PBXBuildFile; fileRef = 9139591721410E2100F364DF /* Main.storyboard */; };
		9139591B21410E2200F364DF /* Assets.xcassets in Resources */ = {isa = PBXBuildFile; fileRef = 9139591A21410E2200F364DF /* Assets.xcassets */; };
		9139591E21410E2200F364DF /* LaunchScreen.storyboard in Resources */ = {isa = PBXBuildFile; fileRef = 9139591C21410E2200F364DF /* LaunchScreen.storyboard */; };
		9139592621410E8800F364DF /* MoviesViewController.swift in Sources */ = {isa = PBXBuildFile; fileRef = 9139592521410E8800F364DF /* MoviesViewController.swift */; };
		913959282142257500F364DF /* MovieCell.swift in Sources */ = {isa = PBXBuildFile; fileRef = 913959272142257500F364DF /* MovieCell.swift */; };
/* End PBXBuildFile section */

/* Begin PBXFileReference section */
		37822EF7BBB992A779CE7547 /* Pods-flixFeed.debug.xcconfig */ = {isa = PBXFileReference; includeInIndex = 1; lastKnownFileType = text.xcconfig; name = "Pods-flixFeed.debug.xcconfig"; path = "Pods/Target Support Files/Pods-flixFeed/Pods-flixFeed.debug.xcconfig"; sourceTree = "<group>"; };
		54F051F74F5AC76774934B9C /* Pods_flixFeed.framework */ = {isa = PBXFileReference; explicitFileType = wrapper.framework; includeInIndex = 0; path = Pods_flixFeed.framework; sourceTree = BUILT_PRODUCTS_DIR; };
		7995794D497801A8C18BDEF8 /* Pods-flixFeed.release.xcconfig */ = {isa = PBXFileReference; includeInIndex = 1; lastKnownFileType = text.xcconfig; name = "Pods-flixFeed.release.xcconfig"; path = "Pods/Target Support Files/Pods-flixFeed/Pods-flixFeed.release.xcconfig"; sourceTree = "<group>"; };
		911387FA214B996100F87CF6 /* DetailViewController.swift */ = {isa = PBXFileReference; lastKnownFileType = sourcecode.swift; path = DetailViewController.swift; sourceTree = "<group>"; };
		911387FC214CAC2F00F87CF6 /* PosterCell.swift */ = {isa = PBXFileReference; lastKnownFileType = sourcecode.swift; path = PosterCell.swift; sourceTree = "<group>"; };
		911387FE214CACB800F87CF6 /* SuperheroViewController.swift */ = {isa = PBXFileReference; lastKnownFileType = sourcecode.swift; path = SuperheroViewController.swift; sourceTree = "<group>"; };
		9139591021410E2100F364DF /* flixFeed.app */ = {isa = PBXFileReference; explicitFileType = wrapper.application; includeInIndex = 0; path = flixFeed.app; sourceTree = BUILT_PRODUCTS_DIR; };
		9139591321410E2100F364DF /* AppDelegate.swift */ = {isa = PBXFileReference; lastKnownFileType = sourcecode.swift; path = AppDelegate.swift; sourceTree = "<group>"; };
		9139591821410E2100F364DF /* Base */ = {isa = PBXFileReference; lastKnownFileType = file.storyboard; name = Base; path = Base.lproj/Main.storyboard; sourceTree = "<group>"; };
		9139591A21410E2200F364DF /* Assets.xcassets */ = {isa = PBXFileReference; lastKnownFileType = folder.assetcatalog; path = Assets.xcassets; sourceTree = "<group>"; };
		9139591D21410E2200F364DF /* Base */ = {isa = PBXFileReference; lastKnownFileType = file.storyboard; name = Base; path = Base.lproj/LaunchScreen.storyboard; sourceTree = "<group>"; };
		9139591F21410E2200F364DF /* Info.plist */ = {isa = PBXFileReference; lastKnownFileType = text.plist.xml; path = Info.plist; sourceTree = "<group>"; };
		9139592521410E8800F364DF /* MoviesViewController.swift */ = {isa = PBXFileReference; lastKnownFileType = sourcecode.swift; path = MoviesViewController.swift; sourceTree = "<group>"; };
		913959272142257500F364DF /* MovieCell.swift */ = {isa = PBXFileReference; lastKnownFileType = sourcecode.swift; path = MovieCell.swift; sourceTree = "<group>"; };
/* End PBXFileReference section */

/* Begin PBXFrameworksBuildPhase section */
		9139590D21410E2100F364DF /* Frameworks */ = {
			isa = PBXFrameworksBuildPhase;
			buildActionMask = 2147483647;
			files = (
				28B6B8017F19ED29B3EF148D /* Pods_flixFeed.framework in Frameworks */,
			);
			runOnlyForDeploymentPostprocessing = 0;
		};
/* End PBXFrameworksBuildPhase section */

/* Begin PBXGroup section */
		71BF1A74EBD6BEDB106CD045 /* Frameworks */ = {
			isa = PBXGroup;
			children = (
				54F051F74F5AC76774934B9C /* Pods_flixFeed.framework */,
			);
			name = Frameworks;
			sourceTree = "<group>";
		};
		7BF72B3EA53D345BBA94B33D /* Pods */ = {
			isa = PBXGroup;
			children = (
				37822EF7BBB992A779CE7547 /* Pods-flixFeed.debug.xcconfig */,
				7995794D497801A8C18BDEF8 /* Pods-flixFeed.release.xcconfig */,
			);
			name = Pods;
			sourceTree = "<group>";
		};
		911387F8214B991000F87CF6 /* Views */ = {
			isa = PBXGroup;
			children = (
				913959272142257500F364DF /* MovieCell.swift */,
				911387FC214CAC2F00F87CF6 /* PosterCell.swift */,
			);
			path = Views;
			sourceTree = "<group>";
		};
		911387F9214B991C00F87CF6 /* ViewControllers */ = {
			isa = PBXGroup;
			children = (
				911387FE214CACB800F87CF6 /* SuperheroViewController.swift */,
				9139592521410E8800F364DF /* MoviesViewController.swift */,
				911387FA214B996100F87CF6 /* DetailViewController.swift */,
			);
			path = ViewControllers;
			sourceTree = "<group>";
		};
		9139590721410E2100F364DF = {
			isa = PBXGroup;
			children = (
				9139591221410E2100F364DF /* flixFeed */,
				9139591121410E2100F364DF /* Products */,
				7BF72B3EA53D345BBA94B33D /* Pods */,
				71BF1A74EBD6BEDB106CD045 /* Frameworks */,
			);
			sourceTree = "<group>";
		};
		9139591121410E2100F364DF /* Products */ = {
			isa = PBXGroup;
			children = (
				9139591021410E2100F364DF /* flixFeed.app */,
			);
			name = Products;
			sourceTree = "<group>";
		};
		9139591221410E2100F364DF /* flixFeed */ = {
			isa = PBXGroup;
			children = (
				911387F9214B991C00F87CF6 /* ViewControllers */,
				911387F8214B991000F87CF6 /* Views */,
				9139591321410E2100F364DF /* AppDelegate.swift */,
				9139591721410E2100F364DF /* Main.storyboard */,
				9139591A21410E2200F364DF /* Assets.xcassets */,
				9139591C21410E2200F364DF /* LaunchScreen.storyboard */,
				9139591F21410E2200F364DF /* Info.plist */,
			);
			path = flixFeed;
			sourceTree = "<group>";
		};
/* End PBXGroup section */

/* Begin PBXNativeTarget section */
		9139590F21410E2100F364DF /* flixFeed */ = {
			isa = PBXNativeTarget;
			buildConfigurationList = 9139592221410E2200F364DF /* Build configuration list for PBXNativeTarget "flixFeed" */;
			buildPhases = (
				88252CB9FE953ED716292558 /* [CP] Check Pods Manifest.lock */,
				9139590C21410E2100F364DF /* Sources */,
				9139590D21410E2100F364DF /* Frameworks */,
				9139590E21410E2100F364DF /* Resources */,
				A9B08EF409369E98BE738F24 /* [CP] Embed Pods Frameworks */,
			);
			buildRules = (
			);
			dependencies = (
			);
			name = flixFeed;
			productName = flixFeed;
			productReference = 9139591021410E2100F364DF /* flixFeed.app */;
			productType = "com.apple.product-type.application";
		};
/* End PBXNativeTarget section */

/* Begin PBXProject section */
		9139590821410E2100F364DF /* Project object */ = {
			isa = PBXProject;
			attributes = {
				LastSwiftUpdateCheck = 0940;
				LastUpgradeCheck = 0940;
				ORGANIZATIONNAME = "Julie Bao";
				TargetAttributes = {
					9139590F21410E2100F364DF = {
						CreatedOnToolsVersion = 9.4.1;
					};
				};
			};
			buildConfigurationList = 9139590B21410E2100F364DF /* Build configuration list for PBXProject "flixFeed" */;
			compatibilityVersion = "Xcode 9.3";
			developmentRegion = en;
			hasScannedForEncodings = 0;
			knownRegions = (
				en,
				Base,
			);
			mainGroup = 9139590721410E2100F364DF;
			productRefGroup = 9139591121410E2100F364DF /* Products */;
			projectDirPath = "";
			projectRoot = "";
			targets = (
				9139590F21410E2100F364DF /* flixFeed */,
			);
		};
/* End PBXProject section */

/* Begin PBXResourcesBuildPhase section */
		9139590E21410E2100F364DF /* Resources */ = {
			isa = PBXResourcesBuildPhase;
			buildActionMask = 2147483647;
			files = (
				9139591E21410E2200F364DF /* LaunchScreen.storyboard in Resources */,
				9139591B21410E2200F364DF /* Assets.xcassets in Resources */,
				9139591921410E2100F364DF /* Main.storyboard in Resources */,
			);
			runOnlyForDeploymentPostprocessing = 0;
		};
/* End PBXResourcesBuildPhase section */

/* Begin PBXShellScriptBuildPhase section */
		88252CB9FE953ED716292558 /* [CP] Check Pods Manifest.lock */ = {
			isa = PBXShellScriptBuildPhase;
			buildActionMask = 2147483647;
			files = (
			);
			inputPaths = (
				"${PODS_PODFILE_DIR_PATH}/Podfile.lock",
				"${PODS_ROOT}/Manifest.lock",
			);
			name = "[CP] Check Pods Manifest.lock";
			outputPaths = (
				"$(DERIVED_FILE_DIR)/Pods-flixFeed-checkManifestLockResult.txt",
			);
			runOnlyForDeploymentPostprocessing = 0;
			shellPath = /bin/sh;
			shellScript = "diff \"${PODS_PODFILE_DIR_PATH}/Podfile.lock\" \"${PODS_ROOT}/Manifest.lock\" > /dev/null\nif [ $? != 0 ] ; then\n    # print error to STDERR\n    echo \"error: The sandbox is not in sync with the Podfile.lock. Run 'pod install' or update your CocoaPods installation.\" >&2\n    exit 1\nfi\n# This output is used by Xcode 'outputs' to avoid re-running this script phase.\necho \"SUCCESS\" > \"${SCRIPT_OUTPUT_FILE_0}\"\n";
			showEnvVarsInLog = 0;
		};
		A9B08EF409369E98BE738F24 /* [CP] Embed Pods Frameworks */ = {
			isa = PBXShellScriptBuildPhase;
			buildActionMask = 2147483647;
			files = (
			);
			inputPaths = (
				"${SRCROOT}/Pods/Target Support Files/Pods-flixFeed/Pods-flixFeed-frameworks.sh",
				"${BUILT_PRODUCTS_DIR}/Alamofire/Alamofire.framework",
				"${BUILT_PRODUCTS_DIR}/AlamofireImage/AlamofireImage.framework",
			);
			name = "[CP] Embed Pods Frameworks";
			outputPaths = (
				"${TARGET_BUILD_DIR}/${FRAMEWORKS_FOLDER_PATH}/Alamofire.framework",
				"${TARGET_BUILD_DIR}/${FRAMEWORKS_FOLDER_PATH}/AlamofireImage.framework",
			);
			runOnlyForDeploymentPostprocessing = 0;
			shellPath = /bin/sh;
			shellScript = "\"${SRCROOT}/Pods/Target Support Files/Pods-flixFeed/Pods-flixFeed-frameworks.sh\"\n";
			showEnvVarsInLog = 0;
		};
/* End PBXShellScriptBuildPhase section */

/* Begin PBXSourcesBuildPhase section */
		9139590C21410E2100F364DF /* Sources */ = {
			isa = PBXSourcesBuildPhase;
			buildActionMask = 2147483647;
			files = (
				9139591421410E2100F364DF /* AppDelegate.swift in Sources */,
				911387FD214CAC2F00F87CF6 /* PosterCell.swift in Sources */,
				911387FF214CACB800F87CF6 /* SuperheroViewController.swift in Sources */,
				9139592621410E8800F364DF /* MoviesViewController.swift in Sources */,
				913959282142257500F364DF /* MovieCell.swift in Sources */,
				911387FB214B996100F87CF6 /* DetailViewController.swift in Sources */,
			);
			runOnlyForDeploymentPostprocessing = 0;
		};
/* End PBXSourcesBuildPhase section */

/* Begin PBXVariantGroup section */
		9139591721410E2100F364DF /* Main.storyboard */ = {
			isa = PBXVariantGroup;
			children = (
				9139591821410E2100F364DF /* Base */,
			);
			name = Main.storyboard;
			sourceTree = "<group>";
		};
		9139591C21410E2200F364DF /* LaunchScreen.storyboard */ = {
			isa = PBXVariantGroup;
			children = (
				9139591D21410E2200F364DF /* Base */,
			);
			name = LaunchScreen.storyboard;
			sourceTree = "<group>";
		};
/* End PBXVariantGroup section */

/* Begin XCBuildConfiguration section */
		9139592021410E2200F364DF /* Debug */ = {
			isa = XCBuildConfiguration;
			buildSettings = {
				ALWAYS_SEARCH_USER_PATHS = NO;
				CLANG_ANALYZER_NONNULL = YES;
				CLANG_ANALYZER_NUMBER_OBJECT_CONVERSION = YES_AGGRESSIVE;
				CLANG_CXX_LANGUAGE_STANDARD = "gnu++14";
				CLANG_CXX_LIBRARY = "libc++";
				CLANG_ENABLE_MODULES = YES;
				CLANG_ENABLE_OBJC_ARC = YES;
				CLANG_ENABLE_OBJC_WEAK = YES;
				CLANG_WARN_BLOCK_CAPTURE_AUTORELEASING = YES;
				CLANG_WARN_BOOL_CONVERSION = YES;
				CLANG_WARN_COMMA = YES;
				CLANG_WARN_CONSTANT_CONVERSION = YES;
				CLANG_WARN_DEPRECATED_OBJC_IMPLEMENTATIONS = YES;
				CLANG_WARN_DIRECT_OBJC_ISA_USAGE = YES_ERROR;
				CLANG_WARN_DOCUMENTATION_COMMENTS = YES;
				CLANG_WARN_EMPTY_BODY = YES;
				CLANG_WARN_ENUM_CONVERSION = YES;
				CLANG_WARN_INFINITE_RECURSION = YES;
				CLANG_WARN_INT_CONVERSION = YES;
				CLANG_WARN_NON_LITERAL_NULL_CONVERSION = YES;
				CLANG_WARN_OBJC_IMPLICIT_RETAIN_SELF = YES;
				CLANG_WARN_OBJC_LITERAL_CONVERSION = YES;
				CLANG_WARN_OBJC_ROOT_CLASS = YES_ERROR;
				CLANG_WARN_RANGE_LOOP_ANALYSIS = YES;
				CLANG_WARN_STRICT_PROTOTYPES = YES;
				CLANG_WARN_SUSPICIOUS_MOVE = YES;
				CLANG_WARN_UNGUARDED_AVAILABILITY = YES_AGGRESSIVE;
				CLANG_WARN_UNREACHABLE_CODE = YES;
				CLANG_WARN__DUPLICATE_METHOD_MATCH = YES;
				CODE_SIGN_IDENTITY = "iPhone Developer";
				COPY_PHASE_STRIP = NO;
				DEBUG_INFORMATION_FORMAT = dwarf;
				ENABLE_STRICT_OBJC_MSGSEND = YES;
				ENABLE_TESTABILITY = YES;
				GCC_C_LANGUAGE_STANDARD = gnu11;
				GCC_DYNAMIC_NO_PIC = NO;
				GCC_NO_COMMON_BLOCKS = YES;
				GCC_OPTIMIZATION_LEVEL = 0;
				GCC_PREPROCESSOR_DEFINITIONS = (
					"DEBUG=1",
					"$(inherited)",
				);
				GCC_WARN_64_TO_32_BIT_CONVERSION = YES;
				GCC_WARN_ABOUT_RETURN_TYPE = YES_ERROR;
				GCC_WARN_UNDECLARED_SELECTOR = YES;
				GCC_WARN_UNINITIALIZED_AUTOS = YES_AGGRESSIVE;
				GCC_WARN_UNUSED_FUNCTION = YES;
				GCC_WARN_UNUSED_VARIABLE = YES;
				IPHONEOS_DEPLOYMENT_TARGET = 11.4;
				MTL_ENABLE_DEBUG_INFO = YES;
				ONLY_ACTIVE_ARCH = YES;
				SDKROOT = iphoneos;
				SWIFT_ACTIVE_COMPILATION_CONDITIONS = DEBUG;
				SWIFT_OPTIMIZATION_LEVEL = "-Onone";
			};
			name = Debug;
		};
		9139592121410E2200F364DF /* Release */ = {
			isa = XCBuildConfiguration;
			buildSettings = {
				ALWAYS_SEARCH_USER_PATHS = NO;
				CLANG_ANALYZER_NONNULL = YES;
				CLANG_ANALYZER_NUMBER_OBJECT_CONVERSION = YES_AGGRESSIVE;
				CLANG_CXX_LANGUAGE_STANDARD = "gnu++14";
				CLANG_CXX_LIBRARY = "libc++";
				CLANG_ENABLE_MODULES = YES;
				CLANG_ENABLE_OBJC_ARC = YES;
				CLANG_ENABLE_OBJC_WEAK = YES;
				CLANG_WARN_BLOCK_CAPTURE_AUTORELEASING = YES;
				CLANG_WARN_BOOL_CONVERSION = YES;
				CLANG_WARN_COMMA = YES;
				CLANG_WARN_CONSTANT_CONVERSION = YES;
				CLANG_WARN_DEPRECATED_OBJC_IMPLEMENTATIONS = YES;
				CLANG_WARN_DIRECT_OBJC_ISA_USAGE = YES_ERROR;
				CLANG_WARN_DOCUMENTATION_COMMENTS = YES;
				CLANG_WARN_EMPTY_BODY = YES;
				CLANG_WARN_ENUM_CONVERSION = YES;
				CLANG_WARN_INFINITE_RECURSION = YES;
				CLANG_WARN_INT_CONVERSION = YES;
				CLANG_WARN_NON_LITERAL_NULL_CONVERSION = YES;
				CLANG_WARN_OBJC_IMPLICIT_RETAIN_SELF = YES;
				CLANG_WARN_OBJC_LITERAL_CONVERSION = YES;
				CLANG_WARN_OBJC_ROOT_CLASS = YES_ERROR;
				CLANG_WARN_RANGE_LOOP_ANALYSIS = YES;
				CLANG_WARN_STRICT_PROTOTYPES = YES;
				CLANG_WARN_SUSPICIOUS_MOVE = YES;
				CLANG_WARN_UNGUARDED_AVAILABILITY = YES_AGGRESSIVE;
				CLANG_WARN_UNREACHABLE_CODE = YES;
				CLANG_WARN__DUPLICATE_METHOD_MATCH = YES;
				CODE_SIGN_IDENTITY = "iPhone Developer";
				COPY_PHASE_STRIP = NO;
				DEBUG_INFORMATION_FORMAT = "dwarf-with-dsym";
				ENABLE_NS_ASSERTIONS = NO;
				ENABLE_STRICT_OBJC_MSGSEND = YES;
				GCC_C_LANGUAGE_STANDARD = gnu11;
				GCC_NO_COMMON_BLOCKS = YES;
				GCC_WARN_64_TO_32_BIT_CONVERSION = YES;
				GCC_WARN_ABOUT_RETURN_TYPE = YES_ERROR;
				GCC_WARN_UNDECLARED_SELECTOR = YES;
				GCC_WARN_UNINITIALIZED_AUTOS = YES_AGGRESSIVE;
				GCC_WARN_UNUSED_FUNCTION = YES;
				GCC_WARN_UNUSED_VARIABLE = YES;
				IPHONEOS_DEPLOYMENT_TARGET = 11.4;
				MTL_ENABLE_DEBUG_INFO = NO;
				SDKROOT = iphoneos;
				SWIFT_COMPILATION_MODE = wholemodule;
				SWIFT_OPTIMIZATION_LEVEL = "-O";
				VALIDATE_PRODUCT = YES;
			};
			name = Release;
		};
		9139592321410E2200F364DF /* Debug */ = {
			isa = XCBuildConfiguration;
			baseConfigurationReference = 37822EF7BBB992A779CE7547 /* Pods-flixFeed.debug.xcconfig */;
			buildSettings = {
				ASSETCATALOG_COMPILER_APPICON_NAME = AppIcon;
				CODE_SIGN_STYLE = Automatic;
				INFOPLIST_FILE = flixFeed/Info.plist;
				LD_RUNPATH_SEARCH_PATHS = (
					"$(inherited)",
					"@executable_path/Frameworks",
				);
				PRODUCT_BUNDLE_IDENTIFIER = juliebee1024.flixFeed;
				PRODUCT_NAME = "$(TARGET_NAME)";
				SWIFT_VERSION = 4.0;
				TARGETED_DEVICE_FAMILY = "1,2";
			};
			name = Debug;
		};
		9139592421410E2200F364DF /* Release */ = {
			isa = XCBuildConfiguration;
			baseConfigurationReference = 7995794D497801A8C18BDEF8 /* Pods-flixFeed.release.xcconfig */;
			buildSettings = {
				ASSETCATALOG_COMPILER_APPICON_NAME = AppIcon;
				CODE_SIGN_STYLE = Automatic;
				INFOPLIST_FILE = flixFeed/Info.plist;
				LD_RUNPATH_SEARCH_PATHS = (
					"$(inherited)",
					"@executable_path/Frameworks",
				);
				PRODUCT_BUNDLE_IDENTIFIER = juliebee1024.flixFeed;
				PRODUCT_NAME = "$(TARGET_NAME)";
				SWIFT_VERSION = 4.0;
				TARGETED_DEVICE_FAMILY = "1,2";
			};
			name = Release;
		};
/* End XCBuildConfiguration section */

/* Begin XCConfigurationList section */
		9139590B21410E2100F364DF /* Build configuration list for PBXProject "flixFeed" */ = {
			isa = XCConfigurationList;
			buildConfigurations = (
				9139592021410E2200F364DF /* Debug */,
				9139592121410E2200F364DF /* Release */,
			);
			defaultConfigurationIsVisible = 0;
			defaultConfigurationName = Release;
		};
		9139592221410E2200F364DF /* Build configuration list for PBXNativeTarget "flixFeed" */ = {
			isa = XCConfigurationList;
			buildConfigurations = (
				9139592321410E2200F364DF /* Debug */,
				9139592421410E2200F364DF /* Release */,
			);
			defaultConfigurationIsVisible = 0;
			defaultConfigurationName = Release;
		};
/* End XCConfigurationList section */
	};
	rootObject = 9139590821410E2100F364DF /* Project object */;
}
